
Microsoft Visual Studio Solution File, Format Version 12.00
# Visual Studio Version 16
VisualStudioVersion = 16.0.31727.386
MinimumVisualStudioVersion = 10.0.40219.1
Project("{FAE04EC0-301F-11D3-BF4B-00C04F79EFBC}") = "EnormousInputTest", "EnormousInputTest\EnormousInputTest.csproj", "{5BEF2B21-9671-4CF2-A461-AB0ABBE17B06}"
EndProject
Global
	GlobalSection(SolutionConfigurationPlatforms) = preSolution
		Debug|Any CPU = Debug|Any CPU
		Release|Any CPU = Release|Any CPU
	EndGlobalSection
	GlobalSection(ProjectConfigurationPlatforms) = postSolution
		{5BEF2B21-9671-4CF2-A461-AB0ABBE17B06}.Debug|Any CPU.ActiveCfg = Debug|Any CPU
		{5BEF2B21-9671-4CF2-A461-AB0ABBE17B06}.Debug|Any CPU.Build.0 = Debug|Any CPU
		{5BEF2B21-9671-4CF2-A461-AB0ABBE17B06}.Release|Any CPU.ActiveCfg = Release|Any CPU
		{5BEF2B21-9671-4CF2-A461-AB0ABBE17B06}.Release|Any CPU.Build.0 = Release|Any CPU
	EndGlobalSection
	GlobalSection(SolutionProperties) = preSolution
		HideSolutionNode = FALSE
	EndGlobalSection
	GlobalSection(ExtensibilityGlobals) = postSolution
		SolutionGuid = {E16A56DF-C433-4667-9CDB-5F8603564DA8}
	EndGlobalSection
EndGlobal
