
Microsoft Visual Studio Solution File, Format Version 12.00
# Visual Studio Version 16
VisualStudioVersion = 16.0.31727.386
MinimumVisualStudioVersion = 10.0.40219.1
Project("{FAE04EC0-301F-11D3-BF4B-00C04F79EFBC}") = "MajorityElement", "MajorityElement\MajorityElement.csproj", "{754FC3E3-3A8E-4055-8E76-F1A23D4AD844}"
EndProject
Global
	GlobalSection(SolutionConfigurationPlatforms) = preSolution
		Debug|Any CPU = Debug|Any CPU
		Release|Any CPU = Release|Any CPU
	EndGlobalSection
	GlobalSection(ProjectConfigurationPlatforms) = postSolution
		{754FC3E3-3A8E-4055-8E76-F1A23D4AD844}.Debug|Any CPU.ActiveCfg = Debug|Any CPU
		{754FC3E3-3A8E-4055-8E76-F1A23D4AD844}.Debug|Any CPU.Build.0 = Debug|Any CPU
		{754FC3E3-3A8E-4055-8E76-F1A23D4AD844}.Release|Any CPU.ActiveCfg = Release|Any CPU
		{754FC3E3-3A8E-4055-8E76-F1A23D4AD844}.Release|Any CPU.Build.0 = Release|Any CPU
	EndGlobalSection
	GlobalSection(SolutionProperties) = preSolution
		HideSolutionNode = FALSE
	EndGlobalSection
	GlobalSection(ExtensibilityGlobals) = postSolution
		SolutionGuid = {6DEF5D25-4D5B-4E2C-AA17-4C49D0269B9E}
	EndGlobalSection
EndGlobal
